[[tools."github:bufbuild/buf"]]
version = "1.66.1"
backend = "github:bufbuild/buf"

[tools."github:bufbuild/buf".platforms.linux-x64]
name = "buf-Linux-x86_64.tar.gz"
size = 21282392
url = "https://github.com/bufbuild/buf/releases/download/v1.66.1/buf-Linux-x86_64.tar.gz"
url_api = "https://api.github.com/repos/bufbuild/buf/releases/assets/175190220"

[tools."github:bufbuild/buf".platforms.linux-amd64]
size = 21282392
url = "https://github.com/bufbuild/buf/releases/download/v1.66.1/buf-Linux-x86_64.tar.gz"
url_api = "https://api.github.com/repos/bufbuild/buf/releases/assets/175190220"

[tools."github:bufbuild/buf".platforms.linux-arm64]
size = 19562323
url = "https://github.com/bufbuild/buf/releases/download/v1.66.1/buf-Linux-aarch64.tar.gz"
url_api = "https://api.github.com/repos/bufbuild/buf/releases/assets/175190217"

[tools."github:bufbuild/buf".platforms.darwin-amd64]
size = 21910673
url = "https://github.com/bufbuild/buf/releases/download/v1.66.1/buf-Darwin-x86_64.tar.gz"
url_api = "https://api.github.com/repos/bufbuild/buf/releases/assets/175190210"

[tools."github:bufbuild/buf".platforms.darwin-arm64]
size = 20684310
url = "https://github.com/bufbuild/buf/releases/download/v1.66.1/buf-Darwin-arm64.tar.gz"
url_api = "https://api.github.com/repos/bufbuild/buf/releases/assets/175190212"

[tools."github:bufbuild/buf".platforms.windows-amd64]
size = 35776512
url = "https://github.com/bufbuild/buf/releases/download/v1.66.1/buf-Windows-x86_64.exe"
url_api = "https://api.github.com/repos/bufbuild/buf/releases/assets/175190220"

[[tools.rust]]
version = "1.86.0"
backend = "core:rust"
