# @generated - this file is auto-generated by `mise lock` https://mise.en.dev/dev-tools/mise-lock.html

[[tools."github:jdx/pitchfork"]]
version = "2.18.0"
backend = "github:jdx/pitchfork"

[tools."github:jdx/pitchfork"."platforms.linux-arm64"]
checksum = "sha256:574c8ea156085c1bbe3c2177354769ff6fca9b2fa26959824743aa044b7b6f54"
url = "https://github.com/jdx/pitchfork/releases/download/v2.18.0/pitchfork-aarch64-unknown-linux-gnu.tar.gz"
url_api = "https://api.github.com/repos/jdx/pitchfork/releases/assets/489375896"

[tools."github:jdx/pitchfork"."platforms.linux-arm64-musl"]
checksum = "sha256:574c8ea156085c1bbe3c2177354769ff6fca9b2fa26959824743aa044b7b6f54"
url = "https://github.com/jdx/pitchfork/releases/download/v2.18.0/pitchfork-aarch64-unknown-linux-gnu.tar.gz"
url_api = "https://api.github.com/repos/jdx/pitchfork/releases/assets/489375896"

[tools."github:jdx/pitchfork"."platforms.linux-x64"]
checksum = "sha256:519f32ee9ff76866e48832cf27fc14864094cba03454bf4a75edd017e6f68a58"
url = "https://github.com/jdx/pitchfork/releases/download/v2.18.0/pitchfork-x86_64-unknown-linux-gnu.tar.gz"
url_api = "https://api.github.com/repos/jdx/pitchfork/releases/assets/489375165"

[tools."github:jdx/pitchfork"."platforms.linux-x64-musl"]
checksum = "sha256:519f32ee9ff76866e48832cf27fc14864094cba03454bf4a75edd017e6f68a58"
url = "https://github.com/jdx/pitchfork/releases/download/v2.18.0/pitchfork-x86_64-unknown-linux-gnu.tar.gz"
url_api = "https://api.github.com/repos/jdx/pitchfork/releases/assets/489375165"

[tools."github:jdx/pitchfork"."platforms.macos-arm64"]
checksum = "sha256:3396f41af9b5d166e750949c2bbe20b8cf6b7e539fc11c74c2b6fc66bd24f410"
url = "https://github.com/jdx/pitchfork/releases/download/v2.18.0/pitchfork-aarch64-apple-darwin.tar.gz"
url_api = "https://api.github.com/repos/jdx/pitchfork/releases/assets/489375447"

[tools."github:jdx/pitchfork"."platforms.windows-x64"]
checksum = "sha256:f75345d9ec077ff28cf5a35c3e1d5edc4bb9a8bf36f51d62d1ba9391fa8aa703"
url = "https://github.com/jdx/pitchfork/releases/download/v2.18.0/pitchfork-x86_64-pc-windows-msvc.zip"
url_api = "https://api.github.com/repos/jdx/pitchfork/releases/assets/489378447"

[[tools.rust]]
version = "1.94.1"
backend = "core:rust"
